
Microsoft Visual Studio Solution File, Format Version 12.00
# Visual Studio Version 17
VisualStudioVersion = 17.11.35222.181
MinimumVisualStudioVersion = 10.0.40219.1
Project("{FAE04EC0-301F-11D3-BF4B-00C04F79EFBC}") = "OOP_Bibliotekshanteringssystem_Inlamning.3", "OOP_Bibliotekshanteringssystem_Inlamning.3.csproj", "{CCFDD5FF-E8D6-4402-9FD1-817321FF2A57}"
EndProject
Global
	GlobalSection(SolutionConfigurationPlatforms) = preSolution
		Debug|Any CPU = Debug|Any CPU
		Release|Any CPU = Release|Any CPU
	EndGlobalSection
	GlobalSection(ProjectConfigurationPlatforms) = postSolution
		{CCFDD5FF-E8D6-4402-9FD1-817321FF2A57}.Debug|Any CPU.ActiveCfg = Debug|Any CPU
		{CCFDD5FF-E8D6-4402-9FD1-817321FF2A57}.Debug|Any CPU.Build.0 = Debug|Any CPU
		{CCFDD5FF-E8D6-4402-9FD1-817321FF2A57}.Release|Any CPU.ActiveCfg = Release|Any CPU
		{CCFDD5FF-E8D6-4402-9FD1-817321FF2A57}.Release|Any CPU.Build.0 = Release|Any CPU
	EndGlobalSection
	GlobalSection(SolutionProperties) = preSolution
		HideSolutionNode = FALSE
	EndGlobalSection
	GlobalSection(ExtensibilityGlobals) = postSolution
		SolutionGuid = {676F909F-5617-4687-9D38-B55E9C7691D1}
	EndGlobalSection
EndGlobal
